// !$*UTF8*$!
{
	archiveVersion = 1;
	classes = {
	};
	objectVersion = 50;
	objects = {

/* Begin PBXBuildFile section */
		9E65BD31231EFDB500F04711 /* AppDelegate.swift in Sources */ = {isa = PBXBuildFile; fileRef = 9E65BD30231EFDB500F04711 /* AppDelegate.swift */; };
		9E65BD33231EFDB500F04711 /* ViewController.swift in Sources */ = {isa = PBXBuildFile; fileRef = 9E65BD32231EFDB500F04711 /* ViewController.swift */; };
		9E65BD36231EFDB500F04711 /* Main.storyboard in Resources */ = {isa = PBXBuildFile; fileRef = 9E65BD34231EFDB500F04711 /* Main.storyboard */; };
		9E65BD38231EFDB600F04711 /* Assets.xcassets in Resources */ = {isa = PBXBuildFile; fileRef = 9E65BD37231EFDB600F04711 /* Assets.xcassets */; };
		9E65BD3B231EFDB600F04711 /* LaunchScreen.storyboard in Resources */ = {isa = PBXBuildFile; fileRef = 9E65BD39231EFDB600F04711 /* LaunchScreen.storyboard */; };
		9E65BD43231EFEC700F04711 /* 1.txt in Resources */ = {isa = PBXBuildFile; fileRef = 9E65BD42231EFEC700F04711 /* 1.txt */; };
		9E65BD45231EFF7D00F04711 /* SearchResult.swift in Sources */ = {isa = PBXBuildFile; fileRef = 9E65BD44231EFF7D00F04711 /* SearchResult.swift */; };
		9E65BD47231F036F00F04711 /* ResultType.swift in Sources */ = {isa = PBXBuildFile; fileRef = 9E65BD46231F036F00F04711 /* ResultType.swift */; };
		9E65BD49231F041B00F04711 /* SearchResultController.swift in Sources */ = {isa = PBXBuildFile; fileRef = 9E65BD48231F041B00F04711 /* SearchResultController.swift */; };
/* End PBXBuildFile section */

/* Begin PBXFileReference section */
		9E65BD2D231EFDB500F04711 /* iTunes App.app */ = {isa = PBXFileReference; explicitFileType = wrapper.application; includeInIndex = 0; path = "iTunes App.app"; sourceTree = BUILT_PRODUCTS_DIR; };
		9E65BD30231EFDB500F04711 /* AppDelegate.swift */ = {isa = PBXFileReference; lastKnownFileType = sourcecode.swift; path = AppDelegate.swift; sourceTree = "<group>"; };
		9E65BD32231EFDB500F04711 /* ViewController.swift */ = {isa = PBXFileReference; lastKnownFileType = sourcecode.swift; path = ViewController.swift; sourceTree = "<group>"; };
		9E65BD35231EFDB500F04711 /* Base */ = {isa = PBXFileReference; lastKnownFileType = file.storyboard; name = Base; path = Base.lproj/Main.storyboard; sourceTree = "<group>"; };
		9E65BD37231EFDB600F04711 /* Assets.xcassets */ = {isa = PBXFileReference; lastKnownFileType = folder.assetcatalog; path = Assets.xcassets; sourceTree = "<group>"; };
		9E65BD3A231EFDB600F04711 /* Base */ = {isa = PBXFileReference; lastKnownFileType = file.storyboard; name = Base; path = Base.lproj/LaunchScreen.storyboard; sourceTree = "<group>"; };
		9E65BD3C231EFDB600F04711 /* Info.plist */ = {isa = PBXFileReference; lastKnownFileType = text.plist.xml; path = Info.plist; sourceTree = "<group>"; };
		9E65BD42231EFEC700F04711 /* 1.txt */ = {isa = PBXFileReference; fileEncoding = 4; lastKnownFileType = text; path = 1.txt; sourceTree = "<group>"; };
		9E65BD44231EFF7D00F04711 /* SearchResult.swift */ = {isa = PBXFileReference; lastKnownFileType = sourcecode.swift; path = SearchResult.swift; sourceTree = "<group>"; };
		9E65BD46231F036F00F04711 /* ResultType.swift */ = {isa = PBXFileReference; lastKnownFileType = sourcecode.swift; path = ResultType.swift; sourceTree = "<group>"; };
		9E65BD48231F041B00F04711 /* SearchResultController.swift */ = {isa = PBXFileReference; lastKnownFileType = sourcecode.swift; path = SearchResultController.swift; sourceTree = "<group>"; };
/* End PBXFileReference section */

/* Begin PBXFrameworksBuildPhase section */
		9E65BD2A231EFDB500F04711 /* Frameworks */ = {
			isa = PBXFrameworksBuildPhase;
			buildActionMask = 2147483647;
			files = (
			);
			runOnlyForDeploymentPostprocessing = 0;
		};
/* End PBXFrameworksBuildPhase section */

/* Begin PBXGroup section */
		9E65BD24231EFDB500F04711 = {
			isa = PBXGroup;
			children = (
				9E65BD2F231EFDB500F04711 /* iTunes App */,
				9E65BD2E231EFDB500F04711 /* Products */,
			);
			sourceTree = "<group>";
		};
		9E65BD2E231EFDB500F04711 /* Products */ = {
			isa = PBXGroup;
			children = (
				9E65BD2D231EFDB500F04711 /* iTunes App.app */,
			);
			name = Products;
			sourceTree = "<group>";
		};
		9E65BD2F231EFDB500F04711 /* iTunes App */ = {
			isa = PBXGroup;
			children = (
				9E65BD30231EFDB500F04711 /* AppDelegate.swift */,
				9E65BD32231EFDB500F04711 /* ViewController.swift */,
				9E65BD44231EFF7D00F04711 /* SearchResult.swift */,
				9E65BD48231F041B00F04711 /* SearchResultController.swift */,
				9E65BD46231F036F00F04711 /* ResultType.swift */,
				9E65BD34231EFDB500F04711 /* Main.storyboard */,
				9E65BD37231EFDB600F04711 /* Assets.xcassets */,
				9E65BD39231EFDB600F04711 /* LaunchScreen.storyboard */,
				9E65BD3C231EFDB600F04711 /* Info.plist */,
				9E65BD42231EFEC700F04711 /* 1.txt */,
			);
			path = "iTunes App";
			sourceTree = "<group>";
		};
/* End PBXGroup section */

/* Begin PBXNativeTarget section */
		9E65BD2C231EFDB500F04711 /* iTunes App */ = {
			isa = PBXNativeTarget;
			buildConfigurationList = 9E65BD3F231EFDB600F04711 /* Build configuration list for PBXNativeTarget "iTunes App" */;
			buildPhases = (
				9E65BD29231EFDB500F04711 /* Sources */,
				9E65BD2A231EFDB500F04711 /* Frameworks */,
				9E65BD2B231EFDB500F04711 /* Resources */,
			);
			buildRules = (
			);
			dependencies = (
			);
			name = "iTunes App";
			productName = "iTunes App";
			productReference = 9E65BD2D231EFDB500F04711 /* iTunes App.app */;
			productType = "com.apple.product-type.application";
		};
/* End PBXNativeTarget section */

/* Begin PBXProject section */
		9E65BD25231EFDB500F04711 /* Project object */ = {
			isa = PBXProject;
			attributes = {
				LastSwiftUpdateCheck = 1030;
				LastUpgradeCheck = 1030;
				ORGANIZATIONNAME = "William Chen";
				TargetAttributes = {
					9E65BD2C231EFDB500F04711 = {
						CreatedOnToolsVersion = 10.3;
					};
				};
			};
			buildConfigurationList = 9E65BD28231EFDB500F04711 /* Build configuration list for PBXProject "iTunes App" */;
			compatibilityVersion = "Xcode 9.3";
			developmentRegion = en;
			hasScannedForEncodings = 0;
			knownRegions = (
				en,
				Base,
			);
			mainGroup = 9E65BD24231EFDB500F04711;
			productRefGroup = 9E65BD2E231EFDB500F04711 /* Products */;
			projectDirPath = "";
			projectRoot = "";
			targets = (
				9E65BD2C231EFDB500F04711 /* iTunes App */,
			);
		};
/* End PBXProject section */

/* Begin PBXResourcesBuildPhase section */
		9E65BD2B231EFDB500F04711 /* Resources */ = {
			isa = PBXResourcesBuildPhase;
			buildActionMask = 2147483647;
			files = (
				9E65BD43231EFEC700F04711 /* 1.txt in Resources */,
				9E65BD3B231EFDB600F04711 /* LaunchScreen.storyboard in Resources */,
				9E65BD38231EFDB600F04711 /* Assets.xcassets in Resources */,
				9E65BD36231EFDB500F04711 /* Main.storyboard in Resources */,
			);
			runOnlyForDeploymentPostprocessing = 0;
		};
/* End PBXResourcesBuildPhase section */

/* Begin PBXSourcesBuildPhase section */
		9E65BD29231EFDB500F04711 /* Sources */ = {
			isa = PBXSourcesBuildPhase;
			buildActionMask = 2147483647;
			files = (
				9E65BD47231F036F00F04711 /* ResultType.swift in Sources */,
				9E65BD33231EFDB500F04711 /* ViewController.swift in Sources */,
				9E65BD45231EFF7D00F04711 /* SearchResult.swift in Sources */,
				9E65BD31231EFDB500F04711 /* AppDelegate.swift in Sources */,
				9E65BD49231F041B00F04711 /* SearchResultController.swift in Sources */,
			);
			runOnlyForDeploymentPostprocessing = 0;
		};
/* End PBXSourcesBuildPhase section */

/* Begin PBXVariantGroup section */
		9E65BD34231EFDB500F04711 /* Main.storyboard */ = {
			isa = PBXVariantGroup;
			children = (
				9E65BD35231EFDB500F04711 /* Base */,
			);
			name = Main.storyboard;
			sourceTree = "<group>";
		};
		9E65BD39231EFDB600F04711 /* LaunchScreen.storyboard */ = {
			isa = PBXVariantGroup;
			children = (
				9E65BD3A231EFDB600F04711 /* Base */,
			);
			name = LaunchScreen.storyboard;
			sourceTree = "<group>";
		};
/* End PBXVariantGroup section */

/* Begin XCBuildConfiguration section */
		9E65BD3D231EFDB600F04711 /* Debug */ = {
			isa = XCBuildConfiguration;
			buildSettings = {
				ALWAYS_SEARCH_USER_PATHS = NO;
				CLANG_ANALYZER_NONNULL = YES;
				CLANG_ANALYZER_NUMBER_OBJECT_CONVERSION = YES_AGGRESSIVE;
				CLANG_CXX_LANGUAGE_STANDARD = "gnu++14";
				CLANG_CXX_LIBRARY = "libc++";
				CLANG_ENABLE_MODULES = YES;
				CLANG_ENABLE_OBJC_ARC = YES;
				CLANG_ENABLE_OBJC_WEAK = YES;
				CLANG_WARN_BLOCK_CAPTURE_AUTORELEASING = YES;
				CLANG_WARN_BOOL_CONVERSION = YES;
				CLANG_WARN_COMMA = YES;
				CLANG_WARN_CONSTANT_CONVERSION = YES;
				CLANG_WARN_DEPRECATED_OBJC_IMPLEMENTATIONS = YES;
				CLANG_WARN_DIRECT_OBJC_ISA_USAGE = YES_ERROR;
				CLANG_WARN_DOCUMENTATION_COMMENTS = YES;
				CLANG_WARN_EMPTY_BODY = YES;
				CLANG_WARN_ENUM_CONVERSION = YES;
				CLANG_WARN_INFINITE_RECURSION = YES;
				CLANG_WARN_INT_CONVERSION = YES;
				CLANG_WARN_NON_LITERAL_NULL_CONVERSION = YES;
				CLANG_WARN_OBJC_IMPLICIT_RETAIN_SELF = YES;
				CLANG_WARN_OBJC_LITERAL_CONVERSION = YES;
				CLANG_WARN_OBJC_ROOT_CLASS = YES_ERROR;
				CLANG_WARN_RANGE_LOOP_ANALYSIS = YES;
				CLANG_WARN_STRICT_PROTOTYPES = YES;
				CLANG_WARN_SUSPICIOUS_MOVE = YES;
				CLANG_WARN_UNGUARDED_AVAILABILITY = YES_AGGRESSIVE;
				CLANG_WARN_UNREACHABLE_CODE = YES;
				CLANG_WARN__DUPLICATE_METHOD_MATCH = YES;
				CODE_SIGN_IDENTITY = "iPhone Developer";
				COPY_PHASE_STRIP = NO;
				DEBUG_INFORMATION_FORMAT = dwarf;
				ENABLE_STRICT_OBJC_MSGSEND = YES;
				ENABLE_TESTABILITY = YES;
				GCC_C_LANGUAGE_STANDARD = gnu11;
				GCC_DYNAMIC_NO_PIC = NO;
				GCC_NO_COMMON_BLOCKS = YES;
				GCC_OPTIMIZATION_LEVEL = 0;
				GCC_PREPROCESSOR_DEFINITIONS = (
					"DEBUG=1",
					"$(inherited)",
				);
				GCC_WARN_64_TO_32_BIT_CONVERSION = YES;
				GCC_WARN_ABOUT_RETURN_TYPE = YES_ERROR;
				GCC_WARN_UNDECLARED_SELECTOR = YES;
				GCC_WARN_UNINITIALIZED_AUTOS = YES_AGGRESSIVE;
				GCC_WARN_UNUSED_FUNCTION = YES;
				GCC_WARN_UNUSED_VARIABLE = YES;
				IPHONEOS_DEPLOYMENT_TARGET = 12.4;
				MTL_ENABLE_DEBUG_INFO = INCLUDE_SOURCE;
				MTL_FAST_MATH = YES;
				ONLY_ACTIVE_ARCH = YES;
				SDKROOT = iphoneos;
				SWIFT_ACTIVE_COMPILATION_CONDITIONS = DEBUG;
				SWIFT_OPTIMIZATION_LEVEL = "-Onone";
			};
			name = Debug;
		};
		9E65BD3E231EFDB600F04711 /* Release */ = {
			isa = XCBuildConfiguration;
			buildSettings = {
				ALWAYS_SEARCH_USER_PATHS = NO;
				CLANG_ANALYZER_NONNULL = YES;
				CLANG_ANALYZER_NUMBER_OBJECT_CONVERSION = YES_AGGRESSIVE;
				CLANG_CXX_LANGUAGE_STANDARD = "gnu++14";
				CLANG_CXX_LIBRARY = "libc++";
				CLANG_ENABLE_MODULES = YES;
				CLANG_ENABLE_OBJC_ARC = YES;
				CLANG_ENABLE_OBJC_WEAK = YES;
				CLANG_WARN_BLOCK_CAPTURE_AUTORELEASING = YES;
				CLANG_WARN_BOOL_CONVERSION = YES;
				CLANG_WARN_COMMA = YES;
				CLANG_WARN_CONSTANT_CONVERSION = YES;
				CLANG_WARN_DEPRECATED_OBJC_IMPLEMENTATIONS = YES;
				CLANG_WARN_DIRECT_OBJC_ISA_USAGE = YES_ERROR;
				CLANG_WARN_DOCUMENTATION_COMMENTS = YES;
				CLANG_WARN_EMPTY_BODY = YES;
				CLANG_WARN_ENUM_CONVERSION = YES;
				CLANG_WARN_INFINITE_RECURSION = YES;
				CLANG_WARN_INT_CONVERSION = YES;
				CLANG_WARN_NON_LITERAL_NULL_CONVERSION = YES;
				CLANG_WARN_OBJC_IMPLICIT_RETAIN_SELF = YES;
				CLANG_WARN_OBJC_LITERAL_CONVERSION = YES;
				CLANG_WARN_OBJC_ROOT_CLASS = YES_ERROR;
				CLANG_WARN_RANGE_LOOP_ANALYSIS = YES;
				CLANG_WARN_STRICT_PROTOTYPES = YES;
				CLANG_WARN_SUSPICIOUS_MOVE = YES;
				CLANG_WARN_UNGUARDED_AVAILABILITY = YES_AGGRESSIVE;
				CLANG_WARN_UNREACHABLE_CODE = YES;
				CLANG_WARN__DUPLICATE_METHOD_MATCH = YES;
				CODE_SIGN_IDENTITY = "iPhone Developer";
				COPY_PHASE_STRIP = NO;
				DEBUG_INFORMATION_FORMAT = "dwarf-with-dsym";
				ENABLE_NS_ASSERTIONS = NO;
				ENABLE_STRICT_OBJC_MSGSEND = YES;
				GCC_C_LANGUAGE_STANDARD = gnu11;
				GCC_NO_COMMON_BLOCKS = YES;
				GCC_WARN_64_TO_32_BIT_CONVERSION = YES;
				GCC_WARN_ABOUT_RETURN_TYPE = YES_ERROR;
				GCC_WARN_UNDECLARED_SELECTOR = YES;
				GCC_WARN_UNINITIALIZED_AUTOS = YES_AGGRESSIVE;
				GCC_WARN_UNUSED_FUNCTION = YES;
				GCC_WARN_UNUSED_VARIABLE = YES;
				IPHONEOS_DEPLOYMENT_TARGET = 12.4;
				MTL_ENABLE_DEBUG_INFO = NO;
				MTL_FAST_MATH = YES;
				SDKROOT = iphoneos;
				SWIFT_COMPILATION_MODE = wholemodule;
				SWIFT_OPTIMIZATION_LEVEL = "-O";
				VALIDATE_PRODUCT = YES;
			};
			name = Release;
		};
		9E65BD40231EFDB600F04711 /* Debug */ = {
			isa = XCBuildConfiguration;
			buildSettings = {
				ASSETCATALOG_COMPILER_APPICON_NAME = AppIcon;
				CODE_SIGN_STYLE = Automatic;
				INFOPLIST_FILE = "iTunes App/Info.plist";
				LD_RUNPATH_SEARCH_PATHS = (
					"$(inherited)",
					"@executable_path/Frameworks",
				);
				PRODUCT_BUNDLE_IDENTIFIER = "Lambda.iTunes-App";
				PRODUCT_NAME = "$(TARGET_NAME)";
				SWIFT_VERSION = 5.0;
				TARGETED_DEVICE_FAMILY = "1,2";
			};
			name = Debug;
		};
		9E65BD41231EFDB600F04711 /* Release */ = {
			isa = XCBuildConfiguration;
			buildSettings = {
				ASSETCATALOG_COMPILER_APPICON_NAME = AppIcon;
				CODE_SIGN_STYLE = Automatic;
				INFOPLIST_FILE = "iTunes App/Info.plist";
				LD_RUNPATH_SEARCH_PATHS = (
					"$(inherited)",
					"@executable_path/Frameworks",
				);
				PRODUCT_BUNDLE_IDENTIFIER = "Lambda.iTunes-App";
				PRODUCT_NAME = "$(TARGET_NAME)";
				SWIFT_VERSION = 5.0;
				TARGETED_DEVICE_FAMILY = "1,2";
			};
			name = Release;
		};
/* End XCBuildConfiguration section */

/* Begin XCConfigurationList section */
		9E65BD28231EFDB500F04711 /* Build configuration list for PBXProject "iTunes App" */ = {
			isa = XCConfigurationList;
			buildConfigurations = (
				9E65BD3D231EFDB600F04711 /* Debug */,
				9E65BD3E231EFDB600F04711 /* Release */,
			);
			defaultConfigurationIsVisible = 0;
			defaultConfigurationName = Release;
		};
		9E65BD3F231EFDB600F04711 /* Build configuration list for PBXNativeTarget "iTunes App" */ = {
			isa = XCConfigurationList;
			buildConfigurations = (
				9E65BD40231EFDB600F04711 /* Debug */,
				9E65BD41231EFDB600F04711 /* Release */,
			);
			defaultConfigurationIsVisible = 0;
			defaultConfigurationName = Release;
		};
/* End XCConfigurationList section */
	};
	rootObject = 9E65BD25231EFDB500F04711 /* Project object */;
}
